// !$*UTF8*$!
{
	archiveVersion = 1;
	classes = {
	};
	objectVersion = 56;
	objects = {

/* Begin PBXBuildFile section */
		AE277C362A7D00DD00EE3286 /* CombineCocoa in Frameworks */ = {isa = PBXBuildFile; productRef = AE277C352A7D00DD00EE3286 /* CombineCocoa */; };
		AE277C3B2A80A60300EE3286 /* ProfileView.swift in Sources */ = {isa = PBXBuildFile; fileRef = AE277C3A2A80A60300EE3286 /* ProfileView.swift */; };
		AE277C3D2A80DC2C00EE3286 /* Community.swift in Sources */ = {isa = PBXBuildFile; fileRef = AE277C3C2A80DC2C00EE3286 /* Community.swift */; };
		AE277C402A822DA700EE3286 /* NotificationViewController.swift in Sources */ = {isa = PBXBuildFile; fileRef = AE277C3F2A822DA700EE3286 /* NotificationViewController.swift */; };
		AE277C422A822DAF00EE3286 /* NotificationViewModel.swift in Sources */ = {isa = PBXBuildFile; fileRef = AE277C412A822DAF00EE3286 /* NotificationViewModel.swift */; };
		AE277C452A822E6A00EE3286 /* MessageViewController.swift in Sources */ = {isa = PBXBuildFile; fileRef = AE277C442A822E6A00EE3286 /* MessageViewController.swift */; };
		AE277C472A822E6F00EE3286 /* MessageViewModel .swift in Sources */ = {isa = PBXBuildFile; fileRef = AE277C462A822E6F00EE3286 /* MessageViewModel .swift */; };
		AE277C492A823D6600EE3286 /* SearchView.swift in Sources */ = {isa = PBXBuildFile; fileRef = AE277C482A823D6600EE3286 /* SearchView.swift */; };
		AE36472B2A7B522A00122959 /* CommunityViewController.swift in Sources */ = {isa = PBXBuildFile; fileRef = AE36472A2A7B522A00122959 /* CommunityViewController.swift */; };
		AE36472D2A7B525C00122959 /* CommunityTableViewCell.swift in Sources */ = {isa = PBXBuildFile; fileRef = AE36472C2A7B525C00122959 /* CommunityTableViewCell.swift */; };
		AE36472F2A7B526300122959 /* CommunityViewModel.swift in Sources */ = {isa = PBXBuildFile; fileRef = AE36472E2A7B526300122959 /* CommunityViewModel.swift */; };
		AE3647312A7B7CF200122959 /* XNavigationButtonStackView.swift in Sources */ = {isa = PBXBuildFile; fileRef = AE3647302A7B7CF200122959 /* XNavigationButtonStackView.swift */; };
		AE3647332A7BAAA700122959 /* Notification.Name+Extension.swift in Sources */ = {isa = PBXBuildFile; fileRef = AE3647322A7BAAA700122959 /* Notification.Name+Extension.swift */; };
		AE3647382A7CF33700122959 /* APIClient.swift in Sources */ = {isa = PBXBuildFile; fileRef = AE3647372A7CF33700122959 /* APIClient.swift */; };
		AE36473A2A7CF33B00122959 /* APIRouter.swift in Sources */ = {isa = PBXBuildFile; fileRef = AE3647392A7CF33B00122959 /* APIRouter.swift */; };
		AE36473C2A7CF42700122959 /* Alamofire.xcframework in Frameworks */ = {isa = PBXBuildFile; fileRef = AE36473B2A7CF42700122959 /* Alamofire.xcframework */; };
		AE36473D2A7CF42700122959 /* Alamofire.xcframework in Embed Frameworks */ = {isa = PBXBuildFile; fileRef = AE36473B2A7CF42700122959 /* Alamofire.xcframework */; settings = {ATTRIBUTES = (CodeSignOnCopy, RemoveHeadersOnCopy, ); }; };
		AE3647402A7CF50300122959 /* URLs.swift in Sources */ = {isa = PBXBuildFile; fileRef = AE36473F2A7CF50300122959 /* URLs.swift */; };
		AE9C8E642A8F02CC004A82F0 /* NetworkError.swift in Sources */ = {isa = PBXBuildFile; fileRef = AE9C8E632A8F02CC004A82F0 /* NetworkError.swift */; };
		AEBB9B152A789E800037D233 /* AppDelegate.swift in Sources */ = {isa = PBXBuildFile; fileRef = AEBB9B142A789E800037D233 /* AppDelegate.swift */; };
		AEBB9B172A789E800037D233 /* SceneDelegate.swift in Sources */ = {isa = PBXBuildFile; fileRef = AEBB9B162A789E800037D233 /* SceneDelegate.swift */; };
		AEBB9B192A789E800037D233 /* ContainerViewController.swift in Sources */ = {isa = PBXBuildFile; fileRef = AEBB9B182A789E800037D233 /* ContainerViewController.swift */; };
		AEBB9B1E2A789E810037D233 /* Assets.xcassets in Resources */ = {isa = PBXBuildFile; fileRef = AEBB9B1D2A789E810037D233 /* Assets.xcassets */; };
		AEBB9B212A789E810037D233 /* LaunchScreen.storyboard in Resources */ = {isa = PBXBuildFile; fileRef = AEBB9B1F2A789E810037D233 /* LaunchScreen.storyboard */; };
		AEBB9B2F2A78A47F0037D233 /* ContainerViewModel.swift in Sources */ = {isa = PBXBuildFile; fileRef = AEBB9B2E2A78A47F0037D233 /* ContainerViewModel.swift */; };
		AEBB9B332A78A8E70037D233 /* Twit.swift in Sources */ = {isa = PBXBuildFile; fileRef = AEBB9B322A78A8E70037D233 /* Twit.swift */; };
		AEBB9B3B2A78AF520037D233 /* TimelineViewControlller.swift in Sources */ = {isa = PBXBuildFile; fileRef = AEBB9B3A2A78AF520037D233 /* TimelineViewControlller.swift */; };
		AEBB9B3D2A78AF650037D233 /* TimelineViewModel.swift in Sources */ = {isa = PBXBuildFile; fileRef = AEBB9B3C2A78AF650037D233 /* TimelineViewModel.swift */; };
		AEBB9B432A78D0070037D233 /* TimelineView.swift in Sources */ = {isa = PBXBuildFile; fileRef = AEBB9B422A78D0070037D233 /* TimelineView.swift */; };
		AEBB9B452A78D64F0037D233 /* SearchViewController.swift in Sources */ = {isa = PBXBuildFile; fileRef = AEBB9B442A78D64F0037D233 /* SearchViewController.swift */; };
		AEBB9B482A78D6620037D233 /* SearchViewModel.swift in Sources */ = {isa = PBXBuildFile; fileRef = AEBB9B472A78D6620037D233 /* SearchViewModel.swift */; };
		AEBB9B4E2A78F3220037D233 /* Profile.swift in Sources */ = {isa = PBXBuildFile; fileRef = AEBB9B4D2A78F3220037D233 /* Profile.swift */; };
		AEBB9B532A79EAE10037D233 /* XNavigationView.swift in Sources */ = {isa = PBXBuildFile; fileRef = AEBB9B522A79EAE10037D233 /* XNavigationView.swift */; };
		AEBB9B552A79FA200037D233 /* TabBarView.swift in Sources */ = {isa = PBXBuildFile; fileRef = AEBB9B542A79FA200037D233 /* TabBarView.swift */; };
		AEBB9B592A7A1D260037D233 /* TimelineTableViewCell.swift in Sources */ = {isa = PBXBuildFile; fileRef = AEBB9B582A7A1D260037D233 /* TimelineTableViewCell.swift */; };
/* End PBXBuildFile section */

/* Begin PBXCopyFilesBuildPhase section */
		AE36473E2A7CF42700122959 /* Embed Frameworks */ = {
			isa = PBXCopyFilesBuildPhase;
			buildActionMask = 2147483647;
			dstPath = "";
			dstSubfolderSpec = 10;
			files = (
				AE36473D2A7CF42700122959 /* Alamofire.xcframework in Embed Frameworks */,
			);
			name = "Embed Frameworks";
			runOnlyForDeploymentPostprocessing = 0;
		};
/* End PBXCopyFilesBuildPhase section */

/* Begin PBXFileReference section */
		AE277C3A2A80A60300EE3286 /* ProfileView.swift */ = {isa = PBXFileReference; lastKnownFileType = sourcecode.swift; path = ProfileView.swift; sourceTree = "<group>"; };
		AE277C3C2A80DC2C00EE3286 /* Community.swift */ = {isa = PBXFileReference; lastKnownFileType = sourcecode.swift; path = Community.swift; sourceTree = "<group>"; };
		AE277C3F2A822DA700EE3286 /* NotificationViewController.swift */ = {isa = PBXFileReference; lastKnownFileType = sourcecode.swift; path = NotificationViewController.swift; sourceTree = "<group>"; };
		AE277C412A822DAF00EE3286 /* NotificationViewModel.swift */ = {isa = PBXFileReference; lastKnownFileType = sourcecode.swift; path = NotificationViewModel.swift; sourceTree = "<group>"; };
		AE277C442A822E6A00EE3286 /* MessageViewController.swift */ = {isa = PBXFileReference; lastKnownFileType = sourcecode.swift; path = MessageViewController.swift; sourceTree = "<group>"; };
		AE277C462A822E6F00EE3286 /* MessageViewModel .swift */ = {isa = PBXFileReference; lastKnownFileType = sourcecode.swift; path = "MessageViewModel .swift"; sourceTree = "<group>"; };
		AE277C482A823D6600EE3286 /* SearchView.swift */ = {isa = PBXFileReference; lastKnownFileType = sourcecode.swift; path = SearchView.swift; sourceTree = "<group>"; };
		AE36472A2A7B522A00122959 /* CommunityViewController.swift */ = {isa = PBXFileReference; lastKnownFileType = sourcecode.swift; path = CommunityViewController.swift; sourceTree = "<group>"; };
		AE36472C2A7B525C00122959 /* CommunityTableViewCell.swift */ = {isa = PBXFileReference; lastKnownFileType = sourcecode.swift; path = CommunityTableViewCell.swift; sourceTree = "<group>"; };
		AE36472E2A7B526300122959 /* CommunityViewModel.swift */ = {isa = PBXFileReference; lastKnownFileType = sourcecode.swift; path = CommunityViewModel.swift; sourceTree = "<group>"; };
		AE3647302A7B7CF200122959 /* XNavigationButtonStackView.swift */ = {isa = PBXFileReference; lastKnownFileType = sourcecode.swift; path = XNavigationButtonStackView.swift; sourceTree = "<group>"; };
		AE3647322A7BAAA700122959 /* Notification.Name+Extension.swift */ = {isa = PBXFileReference; lastKnownFileType = sourcecode.swift; path = "Notification.Name+Extension.swift"; sourceTree = "<group>"; };
		AE3647372A7CF33700122959 /* APIClient.swift */ = {isa = PBXFileReference; lastKnownFileType = sourcecode.swift; path = APIClient.swift; sourceTree = "<group>"; };
		AE3647392A7CF33B00122959 /* APIRouter.swift */ = {isa = PBXFileReference; lastKnownFileType = sourcecode.swift; path = APIRouter.swift; sourceTree = "<group>"; };
		AE36473B2A7CF42700122959 /* Alamofire.xcframework */ = {isa = PBXFileReference; lastKnownFileType = wrapper.xcframework; name = Alamofire.xcframework; path = Carthage/Build/Alamofire.xcframework; sourceTree = "<group>"; };
		AE36473F2A7CF50300122959 /* URLs.swift */ = {isa = PBXFileReference; lastKnownFileType = sourcecode.swift; path = URLs.swift; sourceTree = "<group>"; };
		AE9C8E632A8F02CC004A82F0 /* NetworkError.swift */ = {isa = PBXFileReference; lastKnownFileType = sourcecode.swift; path = NetworkError.swift; sourceTree = "<group>"; };
		AEBB9B112A789E800037D233 /* XClone.app */ = {isa = PBXFileReference; explicitFileType = wrapper.application; includeInIndex = 0; path = XClone.app; sourceTree = BUILT_PRODUCTS_DIR; };
		AEBB9B142A789E800037D233 /* AppDelegate.swift */ = {isa = PBXFileReference; lastKnownFileType = sourcecode.swift; path = AppDelegate.swift; sourceTree = "<group>"; };
		AEBB9B162A789E800037D233 /* SceneDelegate.swift */ = {isa = PBXFileReference; lastKnownFileType = sourcecode.swift; path = SceneDelegate.swift; sourceTree = "<group>"; };
		AEBB9B182A789E800037D233 /* ContainerViewController.swift */ = {isa = PBXFileReference; lastKnownFileType = sourcecode.swift; path = ContainerViewController.swift; sourceTree = "<group>"; };
		AEBB9B1D2A789E810037D233 /* Assets.xcassets */ = {isa = PBXFileReference; lastKnownFileType = folder.assetcatalog; path = Assets.xcassets; sourceTree = "<group>"; };
		AEBB9B202A789E810037D233 /* Base */ = {isa = PBXFileReference; lastKnownFileType = file.storyboard; name = Base; path = Base.lproj/LaunchScreen.storyboard; sourceTree = "<group>"; };
		AEBB9B222A789E810037D233 /* Info.plist */ = {isa = PBXFileReference; lastKnownFileType = text.plist.xml; path = Info.plist; sourceTree = "<group>"; };
		AEBB9B292A78A3120037D233 /* CombineCocoa */ = {isa = PBXFileReference; lastKnownFileType = wrapper; name = CombineCocoa; path = Carthage/Checkouts/CombineCocoa; sourceTree = "<group>"; };
		AEBB9B2E2A78A47F0037D233 /* ContainerViewModel.swift */ = {isa = PBXFileReference; lastKnownFileType = sourcecode.swift; path = ContainerViewModel.swift; sourceTree = "<group>"; };
		AEBB9B322A78A8E70037D233 /* Twit.swift */ = {isa = PBXFileReference; lastKnownFileType = sourcecode.swift; path = Twit.swift; sourceTree = "<group>"; };
		AEBB9B3A2A78AF520037D233 /* TimelineViewControlller.swift */ = {isa = PBXFileReference; lastKnownFileType = sourcecode.swift; path = TimelineViewControlller.swift; sourceTree = "<group>"; };
		AEBB9B3C2A78AF650037D233 /* TimelineViewModel.swift */ = {isa = PBXFileReference; lastKnownFileType = sourcecode.swift; path = TimelineViewModel.swift; sourceTree = "<group>"; };
		AEBB9B422A78D0070037D233 /* TimelineView.swift */ = {isa = PBXFileReference; lastKnownFileType = sourcecode.swift; path = TimelineView.swift; sourceTree = "<group>"; };
		AEBB9B442A78D64F0037D233 /* SearchViewController.swift */ = {isa = PBXFileReference; lastKnownFileType = sourcecode.swift; path = SearchViewController.swift; sourceTree = "<group>"; };
		AEBB9B472A78D6620037D233 /* SearchViewModel.swift */ = {isa = PBXFileReference; lastKnownFileType = sourcecode.swift; path = SearchViewModel.swift; sourceTree = "<group>"; };
		AEBB9B4D2A78F3220037D233 /* Profile.swift */ = {isa = PBXFileReference; lastKnownFileType = sourcecode.swift; path = Profile.swift; sourceTree = "<group>"; };
		AEBB9B522A79EAE10037D233 /* XNavigationView.swift */ = {isa = PBXFileReference; lastKnownFileType = sourcecode.swift; path = XNavigationView.swift; sourceTree = "<group>"; };
		AEBB9B542A79FA200037D233 /* TabBarView.swift */ = {isa = PBXFileReference; lastKnownFileType = sourcecode.swift; path = TabBarView.swift; sourceTree = "<group>"; };
		AEBB9B582A7A1D260037D233 /* TimelineTableViewCell.swift */ = {isa = PBXFileReference; lastKnownFileType = sourcecode.swift; path = TimelineTableViewCell.swift; sourceTree = "<group>"; };
/* End PBXFileReference section */

/* Begin PBXFrameworksBuildPhase section */
		AEBB9B0E2A789E800037D233 /* Frameworks */ = {
			isa = PBXFrameworksBuildPhase;
			buildActionMask = 2147483647;
			files = (
				AE277C362A7D00DD00EE3286 /* CombineCocoa in Frameworks */,
				AE36473C2A7CF42700122959 /* Alamofire.xcframework in Frameworks */,
			);
			runOnlyForDeploymentPostprocessing = 0;
		};
/* End PBXFrameworksBuildPhase section */

/* Begin PBXGroup section */
		AE277C3E2A822D8C00EE3286 /* Notification */ = {
			isa = PBXGroup;
			children = (
				AE277C3F2A822DA700EE3286 /* NotificationViewController.swift */,
				AE277C412A822DAF00EE3286 /* NotificationViewModel.swift */,
			);
			path = Notification;
			sourceTree = "<group>";
		};
		AE277C432A822E5F00EE3286 /* Message */ = {
			isa = PBXGroup;
			children = (
				AE277C442A822E6A00EE3286 /* MessageViewController.swift */,
				AE277C462A822E6F00EE3286 /* MessageViewModel .swift */,
			);
			path = Message;
			sourceTree = "<group>";
		};
		AE3647262A7B4CFF00122959 /* Common */ = {
			isa = PBXGroup;
			children = (
				AE3647322A7BAAA700122959 /* Notification.Name+Extension.swift */,
			);
			path = Common;
			sourceTree = "<group>";
		};
		AE3647292A7B521200122959 /* Community */ = {
			isa = PBXGroup;
			children = (
				AE36472A2A7B522A00122959 /* CommunityViewController.swift */,
				AE36472E2A7B526300122959 /* CommunityViewModel.swift */,
				AE36472C2A7B525C00122959 /* CommunityTableViewCell.swift */,
			);
			path = Community;
			sourceTree = "<group>";
		};
		AE3647362A7CF32900122959 /* Network */ = {
			isa = PBXGroup;
			children = (
				AE3647372A7CF33700122959 /* APIClient.swift */,
				AE3647392A7CF33B00122959 /* APIRouter.swift */,
				AE9C8E632A8F02CC004A82F0 /* NetworkError.swift */,
				AE36473F2A7CF50300122959 /* URLs.swift */,
			);
			path = Network;
			sourceTree = "<group>";
		};
		AEBB9B082A789E800037D233 = {
			isa = PBXGroup;
			children = (
				AEBB9B132A789E800037D233 /* XClone */,
				AEBB9B122A789E800037D233 /* Products */,
				AEBB9B282A78A3110037D233 /* Frameworks */,
			);
			sourceTree = "<group>";
		};
		AEBB9B122A789E800037D233 /* Products */ = {
			isa = PBXGroup;
			children = (
				AEBB9B112A789E800037D233 /* XClone.app */,
			);
			name = Products;
			sourceTree = "<group>";
		};
		AEBB9B132A789E800037D233 /* XClone */ = {
			isa = PBXGroup;
			children = (
				AEBB9B2C2A78A35E0037D233 /* App */,
				AEBB9B2D2A78A3660037D233 /* View+ViewModel */,
				AEBB9B312A78A7F90037D233 /* Model  */,
				AE3647362A7CF32900122959 /* Network */,
				AE3647262A7B4CFF00122959 /* Common */,
				AEBB9B342A78AB980037D233 /* Resource */,
				AEBB9B1F2A789E810037D233 /* LaunchScreen.storyboard */,
				AEBB9B222A789E810037D233 /* Info.plist */,
			);
			path = XClone;
			sourceTree = "<group>";
		};
		AEBB9B282A78A3110037D233 /* Frameworks */ = {
			isa = PBXGroup;
			children = (
				AE36473B2A7CF42700122959 /* Alamofire.xcframework */,
				AEBB9B292A78A3120037D233 /* CombineCocoa */,
			);
			name = Frameworks;
			sourceTree = "<group>";
		};
		AEBB9B2C2A78A35E0037D233 /* App */ = {
			isa = PBXGroup;
			children = (
				AEBB9B142A789E800037D233 /* AppDelegate.swift */,
				AEBB9B162A789E800037D233 /* SceneDelegate.swift */,
			);
			path = App;
			sourceTree = "<group>";
		};
		AEBB9B2D2A78A3660037D233 /* View+ViewModel */ = {
			isa = PBXGroup;
			children = (
				AEBB9B3F2A78CFD60037D233 /* Container */,
				AEBB9B3E2A78B9810037D233 /* Timeline */,
				AEBB9B462A78D6520037D233 /* Search */,
				AE3647292A7B521200122959 /* Community */,
				AE277C3E2A822D8C00EE3286 /* Notification */,
				AE277C432A822E5F00EE3286 /* Message */,
				AEBB9B512A79EACA0037D233 /* Parts */,
			);
			path = "View+ViewModel";
			sourceTree = "<group>";
		};
		AEBB9B312A78A7F90037D233 /* Model  */ = {
			isa = PBXGroup;
			children = (
				AEBB9B322A78A8E70037D233 /* Twit.swift */,
				AEBB9B4D2A78F3220037D233 /* Profile.swift */,
				AE277C3C2A80DC2C00EE3286 /* Community.swift */,
			);
			path = "Model ";
			sourceTree = "<group>";
		};
		AEBB9B342A78AB980037D233 /* Resource */ = {
			isa = PBXGroup;
			children = (
				AEBB9B1D2A789E810037D233 /* Assets.xcassets */,
			);
			path = Resource;
			sourceTree = "<group>";
		};
		AEBB9B3E2A78B9810037D233 /* Timeline */ = {
			isa = PBXGroup;
			children = (
				AEBB9B3A2A78AF520037D233 /* TimelineViewControlller.swift */,
				AEBB9B3C2A78AF650037D233 /* TimelineViewModel.swift */,
				AEBB9B422A78D0070037D233 /* TimelineView.swift */,
				AEBB9B582A7A1D260037D233 /* TimelineTableViewCell.swift */,
			);
			path = Timeline;
			sourceTree = "<group>";
		};
		AEBB9B3F2A78CFD60037D233 /* Container */ = {
			isa = PBXGroup;
			children = (
				AEBB9B182A789E800037D233 /* ContainerViewController.swift */,
				AEBB9B2E2A78A47F0037D233 /* ContainerViewModel.swift */,
				AE277C3A2A80A60300EE3286 /* ProfileView.swift */,
				AEBB9B542A79FA200037D233 /* TabBarView.swift */,
				AE277C482A823D6600EE3286 /* SearchView.swift */,
			);
			path = Container;
			sourceTree = "<group>";
		};
		AEBB9B462A78D6520037D233 /* Search */ = {
			isa = PBXGroup;
			children = (
				AEBB9B442A78D64F0037D233 /* SearchViewController.swift */,
				AEBB9B472A78D6620037D233 /* SearchViewModel.swift */,
			);
			path = Search;
			sourceTree = "<group>";
		};
		AEBB9B512A79EACA0037D233 /* Parts */ = {
			isa = PBXGroup;
			children = (
				AEBB9B522A79EAE10037D233 /* XNavigationView.swift */,
				AE3647302A7B7CF200122959 /* XNavigationButtonStackView.swift */,
			);
			path = Parts;
			sourceTree = "<group>";
		};
/* End PBXGroup section */

/* Begin PBXNativeTarget section */
		AEBB9B102A789E800037D233 /* XClone */ = {
			isa = PBXNativeTarget;
			buildConfigurationList = AEBB9B252A789E810037D233 /* Build configuration list for PBXNativeTarget "XClone" */;
			buildPhases = (
				AEBB9B0D2A789E800037D233 /* Sources */,
				AEBB9B0E2A789E800037D233 /* Frameworks */,
				AEBB9B0F2A789E800037D233 /* Resources */,
				AE36473E2A7CF42700122959 /* Embed Frameworks */,
			);
			buildRules = (
			);
			dependencies = (
			);
			name = XClone;
			packageProductDependencies = (
				AE277C352A7D00DD00EE3286 /* CombineCocoa */,
			);
			productName = XClone;
			productReference = AEBB9B112A789E800037D233 /* XClone.app */;
			productType = "com.apple.product-type.application";
		};
/* End PBXNativeTarget section */

/* Begin PBXProject section */
		AEBB9B092A789E800037D233 /* Project object */ = {
			isa = PBXProject;
			attributes = {
				BuildIndependentTargetsInParallel = 1;
				LastSwiftUpdateCheck = 1430;
				LastUpgradeCheck = 1430;
				TargetAttributes = {
					AEBB9B102A789E800037D233 = {
						CreatedOnToolsVersion = 14.3;
					};
				};
			};
			buildConfigurationList = AEBB9B0C2A789E800037D233 /* Build configuration list for PBXProject "XClone" */;
			compatibilityVersion = "Xcode 14.0";
			developmentRegion = en;
			hasScannedForEncodings = 0;
			knownRegions = (
				en,
				Base,
			);
			mainGroup = AEBB9B082A789E800037D233;
			productRefGroup = AEBB9B122A789E800037D233 /* Products */;
			projectDirPath = "";
			projectRoot = "";
			targets = (
				AEBB9B102A789E800037D233 /* XClone */,
			);
		};
/* End PBXProject section */

/* Begin PBXResourcesBuildPhase section */
		AEBB9B0F2A789E800037D233 /* Resources */ = {
			isa = PBXResourcesBuildPhase;
			buildActionMask = 2147483647;
			files = (
				AEBB9B212A789E810037D233 /* LaunchScreen.storyboard in Resources */,
				AEBB9B1E2A789E810037D233 /* Assets.xcassets in Resources */,
			);
			runOnlyForDeploymentPostprocessing = 0;
		};
/* End PBXResourcesBuildPhase section */

/* Begin PBXSourcesBuildPhase section */
		AEBB9B0D2A789E800037D233 /* Sources */ = {
			isa = PBXSourcesBuildPhase;
			buildActionMask = 2147483647;
			files = (
				AEBB9B192A789E800037D233 /* ContainerViewController.swift in Sources */,
				AE277C452A822E6A00EE3286 /* MessageViewController.swift in Sources */,
				AE3647402A7CF50300122959 /* URLs.swift in Sources */,
				AE277C492A823D6600EE3286 /* SearchView.swift in Sources */,
				AE36473A2A7CF33B00122959 /* APIRouter.swift in Sources */,
				AEBB9B4E2A78F3220037D233 /* Profile.swift in Sources */,
				AEBB9B3D2A78AF650037D233 /* TimelineViewModel.swift in Sources */,
				AEBB9B152A789E800037D233 /* AppDelegate.swift in Sources */,
				AE3647312A7B7CF200122959 /* XNavigationButtonStackView.swift in Sources */,
				AE9C8E642A8F02CC004A82F0 /* NetworkError.swift in Sources */,
				AEBB9B552A79FA200037D233 /* TabBarView.swift in Sources */,
				AE36472B2A7B522A00122959 /* CommunityViewController.swift in Sources */,
				AEBB9B452A78D64F0037D233 /* SearchViewController.swift in Sources */,
				AE277C402A822DA700EE3286 /* NotificationViewController.swift in Sources */,
				AEBB9B3B2A78AF520037D233 /* TimelineViewControlller.swift in Sources */,
				AEBB9B2F2A78A47F0037D233 /* ContainerViewModel.swift in Sources */,
				AE3647332A7BAAA700122959 /* Notification.Name+Extension.swift in Sources */,
				AE277C3B2A80A60300EE3286 /* ProfileView.swift in Sources */,
				AE277C422A822DAF00EE3286 /* NotificationViewModel.swift in Sources */,
				AE3647382A7CF33700122959 /* APIClient.swift in Sources */,
				AE277C3D2A80DC2C00EE3286 /* Community.swift in Sources */,
				AEBB9B482A78D6620037D233 /* SearchViewModel.swift in Sources */,
				AEBB9B532A79EAE10037D233 /* XNavigationView.swift in Sources */,
				AEBB9B332A78A8E70037D233 /* Twit.swift in Sources */,
				AEBB9B432A78D0070037D233 /* TimelineView.swift in Sources */,
				AEBB9B592A7A1D260037D233 /* TimelineTableViewCell.swift in Sources */,
				AEBB9B172A789E800037D233 /* SceneDelegate.swift in Sources */,
				AE36472F2A7B526300122959 /* CommunityViewModel.swift in Sources */,
				AE36472D2A7B525C00122959 /* CommunityTableViewCell.swift in Sources */,
				AE277C472A822E6F00EE3286 /* MessageViewModel .swift in Sources */,
			);
			runOnlyForDeploymentPostprocessing = 0;
		};
/* End PBXSourcesBuildPhase section */

/* Begin PBXVariantGroup section */
		AEBB9B1F2A789E810037D233 /* LaunchScreen.storyboard */ = {
			isa = PBXVariantGroup;
			children = (
				AEBB9B202A789E810037D233 /* Base */,
			);
			name = LaunchScreen.storyboard;
			sourceTree = "<group>";
		};
/* End PBXVariantGroup section */

/* Begin XCBuildConfiguration section */
		AEBB9B232A789E810037D233 /* Debug */ = {
			isa = XCBuildConfiguration;
			buildSettings = {
				ALWAYS_SEARCH_USER_PATHS = NO;
				CLANG_ANALYZER_NONNULL = YES;
				CLANG_ANALYZER_NUMBER_OBJECT_CONVERSION = YES_AGGRESSIVE;
				CLANG_CXX_LANGUAGE_STANDARD = "gnu++20";
				CLANG_ENABLE_MODULES = YES;
				CLANG_ENABLE_OBJC_ARC = YES;
				CLANG_ENABLE_OBJC_WEAK = YES;
				CLANG_WARN_BLOCK_CAPTURE_AUTORELEASING = YES;
				CLANG_WARN_BOOL_CONVERSION = YES;
				CLANG_WARN_COMMA = YES;
				CLANG_WARN_CONSTANT_CONVERSION = YES;
				CLANG_WARN_DEPRECATED_OBJC_IMPLEMENTATIONS = YES;
				CLANG_WARN_DIRECT_OBJC_ISA_USAGE = YES_ERROR;
				CLANG_WARN_DOCUMENTATION_COMMENTS = YES;
				CLANG_WARN_EMPTY_BODY = YES;
				CLANG_WARN_ENUM_CONVERSION = YES;
				CLANG_WARN_INFINITE_RECURSION = YES;
				CLANG_WARN_INT_CONVERSION = YES;
				CLANG_WARN_NON_LITERAL_NULL_CONVERSION = YES;
				CLANG_WARN_OBJC_IMPLICIT_RETAIN_SELF = YES;
				CLANG_WARN_OBJC_LITERAL_CONVERSION = YES;
				CLANG_WARN_OBJC_ROOT_CLASS = YES_ERROR;
				CLANG_WARN_QUOTED_INCLUDE_IN_FRAMEWORK_HEADER = YES;
				CLANG_WARN_RANGE_LOOP_ANALYSIS = YES;
				CLANG_WARN_STRICT_PROTOTYPES = YES;
				CLANG_WARN_SUSPICIOUS_MOVE = YES;
				CLANG_WARN_UNGUARDED_AVAILABILITY = YES_AGGRESSIVE;
				CLANG_WARN_UNREACHABLE_CODE = YES;
				CLANG_WARN__DUPLICATE_METHOD_MATCH = YES;
				COPY_PHASE_STRIP = NO;
				DEBUG_INFORMATION_FORMAT = dwarf;
				ENABLE_STRICT_OBJC_MSGSEND = YES;
				ENABLE_TESTABILITY = YES;
				GCC_C_LANGUAGE_STANDARD = gnu11;
				GCC_DYNAMIC_NO_PIC = NO;
				GCC_NO_COMMON_BLOCKS = YES;
				GCC_OPTIMIZATION_LEVEL = 0;
				GCC_PREPROCESSOR_DEFINITIONS = (
					"DEBUG=1",
					"$(inherited)",
				);
				GCC_WARN_64_TO_32_BIT_CONVERSION = YES;
				GCC_WARN_ABOUT_RETURN_TYPE = YES_ERROR;
				GCC_WARN_UNDECLARED_SELECTOR = YES;
				GCC_WARN_UNINITIALIZED_AUTOS = YES_AGGRESSIVE;
				GCC_WARN_UNUSED_FUNCTION = YES;
				GCC_WARN_UNUSED_VARIABLE = YES;
				IPHONEOS_DEPLOYMENT_TARGET = 16.4;
				MTL_ENABLE_DEBUG_INFO = INCLUDE_SOURCE;
				MTL_FAST_MATH = YES;
				ONLY_ACTIVE_ARCH = YES;
				SDKROOT = iphoneos;
				SWIFT_ACTIVE_COMPILATION_CONDITIONS = DEBUG;
				SWIFT_OPTIMIZATION_LEVEL = "-Onone";
			};
			name = Debug;
		};
		AEBB9B242A789E810037D233 /* Release */ = {
			isa = XCBuildConfiguration;
			buildSettings = {
				ALWAYS_SEARCH_USER_PATHS = NO;
				CLANG_ANALYZER_NONNULL = YES;
				CLANG_ANALYZER_NUMBER_OBJECT_CONVERSION = YES_AGGRESSIVE;
				CLANG_CXX_LANGUAGE_STANDARD = "gnu++20";
				CLANG_ENABLE_MODULES = YES;
				CLANG_ENABLE_OBJC_ARC = YES;
				CLANG_ENABLE_OBJC_WEAK = YES;
				CLANG_WARN_BLOCK_CAPTURE_AUTORELEASING = YES;
				CLANG_WARN_BOOL_CONVERSION = YES;
				CLANG_WARN_COMMA = YES;
				CLANG_WARN_CONSTANT_CONVERSION = YES;
				CLANG_WARN_DEPRECATED_OBJC_IMPLEMENTATIONS = YES;
				CLANG_WARN_DIRECT_OBJC_ISA_USAGE = YES_ERROR;
				CLANG_WARN_DOCUMENTATION_COMMENTS = YES;
				CLANG_WARN_EMPTY_BODY = YES;
				CLANG_WARN_ENUM_CONVERSION = YES;
				CLANG_WARN_INFINITE_RECURSION = YES;
				CLANG_WARN_INT_CONVERSION = YES;
				CLANG_WARN_NON_LITERAL_NULL_CONVERSION = YES;
				CLANG_WARN_OBJC_IMPLICIT_RETAIN_SELF = YES;
				CLANG_WARN_OBJC_LITERAL_CONVERSION = YES;
				CLANG_WARN_OBJC_ROOT_CLASS = YES_ERROR;
				CLANG_WARN_QUOTED_INCLUDE_IN_FRAMEWORK_HEADER = YES;
				CLANG_WARN_RANGE_LOOP_ANALYSIS = YES;
				CLANG_WARN_STRICT_PROTOTYPES = YES;
				CLANG_WARN_SUSPICIOUS_MOVE = YES;
				CLANG_WARN_UNGUARDED_AVAILABILITY = YES_AGGRESSIVE;
				CLANG_WARN_UNREACHABLE_CODE = YES;
				CLANG_WARN__DUPLICATE_METHOD_MATCH = YES;
				COPY_PHASE_STRIP = NO;
				DEBUG_INFORMATION_FORMAT = "dwarf-with-dsym";
				ENABLE_NS_ASSERTIONS = NO;
				ENABLE_STRICT_OBJC_MSGSEND = YES;
				GCC_C_LANGUAGE_STANDARD = gnu11;
				GCC_NO_COMMON_BLOCKS = YES;
				GCC_WARN_64_TO_32_BIT_CONVERSION = YES;
				GCC_WARN_ABOUT_RETURN_TYPE = YES_ERROR;
				GCC_WARN_UNDECLARED_SELECTOR = YES;
				GCC_WARN_UNINITIALIZED_AUTOS = YES_AGGRESSIVE;
				GCC_WARN_UNUSED_FUNCTION = YES;
				GCC_WARN_UNUSED_VARIABLE = YES;
				IPHONEOS_DEPLOYMENT_TARGET = 16.4;
				MTL_ENABLE_DEBUG_INFO = NO;
				MTL_FAST_MATH = YES;
				SDKROOT = iphoneos;
				SWIFT_COMPILATION_MODE = wholemodule;
				SWIFT_OPTIMIZATION_LEVEL = "-O";
				VALIDATE_PRODUCT = YES;
			};
			name = Release;
		};
		AEBB9B262A789E810037D233 /* Debug */ = {
			isa = XCBuildConfiguration;
			buildSettings = {
				ASSETCATALOG_COMPILER_APPICON_NAME = AppIcon;
				ASSETCATALOG_COMPILER_GLOBAL_ACCENT_COLOR_NAME = AccentColor;
				CODE_SIGN_STYLE = Automatic;
				CURRENT_PROJECT_VERSION = 1;
				DEVELOPMENT_TEAM = N9SV25QN7Z;
				GENERATE_INFOPLIST_FILE = YES;
				INFOPLIST_FILE = XClone/Info.plist;
				INFOPLIST_KEY_UIApplicationSupportsIndirectInputEvents = YES;
				INFOPLIST_KEY_UILaunchStoryboardName = LaunchScreen;
				INFOPLIST_KEY_UISupportedInterfaceOrientations = UIInterfaceOrientationPortrait;
				INFOPLIST_KEY_UISupportedInterfaceOrientations_iPad = "UIInterfaceOrientationLandscapeLeft UIInterfaceOrientationLandscapeRight UIInterfaceOrientationPortrait UIInterfaceOrientationPortraitUpsideDown";
				INFOPLIST_KEY_UIUserInterfaceStyle = Dark;
				IPHONEOS_DEPLOYMENT_TARGET = 15.0;
				LD_RUNPATH_SEARCH_PATHS = (
					"$(inherited)",
					"@executable_path/Frameworks",
				);
				MARKETING_VERSION = 1.0;
				PRODUCT_BUNDLE_IDENTIFIER = jp.cloco.XClone;
				PRODUCT_NAME = "$(TARGET_NAME)";
				SUPPORTED_PLATFORMS = "iphoneos iphonesimulator";
				SUPPORTS_MACCATALYST = NO;
				SUPPORTS_MAC_DESIGNED_FOR_IPHONE_IPAD = NO;
				SWIFT_EMIT_LOC_STRINGS = YES;
				SWIFT_VERSION = 5.0;
				TARGETED_DEVICE_FAMILY = 1;
			};
			name = Debug;
		};
		AEBB9B272A789E810037D233 /* Release */ = {
			isa = XCBuildConfiguration;
			buildSettings = {
				ASSETCATALOG_COMPILER_APPICON_NAME = AppIcon;
				ASSETCATALOG_COMPILER_GLOBAL_ACCENT_COLOR_NAME = AccentColor;
				CODE_SIGN_STYLE = Automatic;
				CURRENT_PROJECT_VERSION = 1;
				DEVELOPMENT_TEAM = N9SV25QN7Z;
				GENERATE_INFOPLIST_FILE = YES;
				INFOPLIST_FILE = XClone/Info.plist;
				INFOPLIST_KEY_UIApplicationSupportsIndirectInputEvents = YES;
				INFOPLIST_KEY_UILaunchStoryboardName = LaunchScreen;
				INFOPLIST_KEY_UISupportedInterfaceOrientations = UIInterfaceOrientationPortrait;
				INFOPLIST_KEY_UISupportedInterfaceOrientations_iPad = "UIInterfaceOrientationLandscapeLeft UIInterfaceOrientationLandscapeRight UIInterfaceOrientationPortrait UIInterfaceOrientationPortraitUpsideDown";
				INFOPLIST_KEY_UIUserInterfaceStyle = Dark;
				IPHONEOS_DEPLOYMENT_TARGET = 15.0;
				LD_RUNPATH_SEARCH_PATHS = (
					"$(inherited)",
					"@executable_path/Frameworks",
				);
				MARKETING_VERSION = 1.0;
				PRODUCT_BUNDLE_IDENTIFIER = jp.cloco.XClone;
				PRODUCT_NAME = "$(TARGET_NAME)";
				SUPPORTED_PLATFORMS = "iphoneos iphonesimulator";
				SUPPORTS_MACCATALYST = NO;
				SUPPORTS_MAC_DESIGNED_FOR_IPHONE_IPAD = NO;
				SWIFT_EMIT_LOC_STRINGS = YES;
				SWIFT_VERSION = 5.0;
				TARGETED_DEVICE_FAMILY = 1;
			};
			name = Release;
		};
/* End XCBuildConfiguration section */

/* Begin XCConfigurationList section */
		AEBB9B0C2A789E800037D233 /* Build configuration list for PBXProject "XClone" */ = {
			isa = XCConfigurationList;
			buildConfigurations = (
				AEBB9B232A789E810037D233 /* Debug */,
				AEBB9B242A789E810037D233 /* Release */,
			);
			defaultConfigurationIsVisible = 0;
			defaultConfigurationName = Release;
		};
		AEBB9B252A789E810037D233 /* Build configuration list for PBXNativeTarget "XClone" */ = {
			isa = XCConfigurationList;
			buildConfigurations = (
				AEBB9B262A789E810037D233 /* Debug */,
				AEBB9B272A789E810037D233 /* Release */,
			);
			defaultConfigurationIsVisible = 0;
			defaultConfigurationName = Release;
		};
/* End XCConfigurationList section */

/* Begin XCSwiftPackageProductDependency section */
		AE277C352A7D00DD00EE3286 /* CombineCocoa */ = {
			isa = XCSwiftPackageProductDependency;
			productName = CombineCocoa;
		};
/* End XCSwiftPackageProductDependency section */
	};
	rootObject = AEBB9B092A789E800037D233 /* Project object */;
}
